{
  "name": "quizy-buzzy",
  "version": "1.0.0",
  "lockfileVersion": 1,
  "requires": true,
  "dependencies": {
    "astronomia": {
      "version": "2.3.1",
      "resolved": "https://registry.npmjs.org/astronomia/-/astronomia-2.3.1.tgz",
      "integrity": "sha512-4YbGqS/v2DM5aeJBCI/BJYnu3wYMHyc7gk1TmOxTz28rhNUTQN60q2SYL0nMdxDpUUEWYNK4eFcGr3nyzcKeOw=="
    }
  }
}
